dependencies:
  espressif/cmake_utilities:
    component_hash: 351350613ceafba240b761b4ea991e0f231ac7a9f59a9ee901f751bddc0bb18f
    dependencies:
    - name: idf
      require: private
      version: '>=4.1'
    source:
      registry_url: https://components.espressif.com
      type: service
    version: 0.5.3
  espressif/knob:
    component_hash: a389d980693ad195b2160de22a72f3391694230188ab16b8f3c7ec4410a7c417
    dependencies:
    - name: espressif/cmake_utilities
      registry_url: https://components.espressif.com
      require: private
      version: 0.*
    - name: idf
      require: private
      version: '>=4.4.1'
    source:
      registry_url: https://components.espressif.com/
      type: service
    version: 1.0.0
  idf:
    source:
      type: idf
    version: 5.4.0
direct_dependencies:
- espressif/knob
- idf
manifest_hash: ca59017dd080473619e4e19087905ed4aa8eaace3d66d82b60ebe52261f0a09d
target: esp32p4
version: 2.0.0
